
Microsoft Visual Studio Solution File, Format Version 12.00
# Visual Studio Version 17
VisualStudioVersion = 17.4.33103.184
MinimumVisualStudioVersion = 10.0.40219.1
Project("{FAE04EC0-301F-11D3-BF4B-00C04F79EFBC}") = "ProjectBottles", "ProjectBottles\ProjectBottles.csproj", "{EA273AF8-EC0C-4213-BC36-EA967EF54C74}"
EndProject
Global
	GlobalSection(SolutionConfigurationPlatforms) = preSolution
		Debug|Any CPU = Debug|Any CPU
		Release|Any CPU = Release|Any CPU
	EndGlobalSection
	GlobalSection(ProjectConfigurationPlatforms) = postSolution
		{EA273AF8-EC0C-4213-BC36-EA967EF54C74}.Debug|Any CPU.ActiveCfg = Debug|Any CPU
		{EA273AF8-EC0C-4213-BC36-EA967EF54C74}.Debug|Any CPU.Build.0 = Debug|Any CPU
		{EA273AF8-EC0C-4213-BC36-EA967EF54C74}.Release|Any CPU.ActiveCfg = Release|Any CPU
		{EA273AF8-EC0C-4213-BC36-EA967EF54C74}.Release|Any CPU.Build.0 = Release|Any CPU
	EndGlobalSection
	GlobalSection(SolutionProperties) = preSolution
		HideSolutionNode = FALSE
	EndGlobalSection
	GlobalSection(ExtensibilityGlobals) = postSolution
		SolutionGuid = {2EECF2E4-BD86-4137-A633-5279B597CF78}
	EndGlobalSection
EndGlobal
